
Microsoft Visual Studio Solution File, Format Version 12.00
# Visual Studio Version 16
VisualStudioVersion = 16.0.30114.105
MinimumVisualStudioVersion = 10.0.40219.1
Project("{FAE04EC0-301F-11D3-BF4B-00C04F79EFBC}") = "SideProjectBlazorApp", "Applications\SideProjectBlazorApp\SideProjectBlazorApp.csproj", "{C2DBE404-2EBF-4575-8423-A62E44827CC5}"
EndProject
Project("{FAE04EC0-301F-11D3-BF4B-00C04F79EFBC}") = "FifteenPuzzleGame", "Libraries\Games\FifteenPuzzle\FifteenPuzzleGame\FifteenPuzzleGame.csproj", "{632481B4-9B87-425B-B62E-3A8A98FFCAE9}"
EndProject
Project("{FAE04EC0-301F-11D3-BF4B-00C04F79EFBC}") = "FifteenPuzzleGame.Test", "Libraries\Games\FifteenPuzzle\FifteenPuzzleGame.Test\FifteenPuzzleGame.Test.csproj", "{F62ADEE2-233C-4288-AC20-FE6522A01983}"
EndProject
Project("{FAE04EC0-301F-11D3-BF4B-00C04F79EFBC}") = "TicTacToeGame", "Libraries\Games\TicTacToe\TicTacToeGame\TicTacToeGame.csproj", "{06A52D22-AA5A-4569-82EE-4B274C2E99E2}"
EndProject
Project("{FAE04EC0-301F-11D3-BF4B-00C04F79EFBC}") = "TicTacToeGame.Test", "Libraries\Games\TicTacToe\TicTacToeGame.Test\TicTacToeGame.Test.csproj", "{0584FFBA-AD34-4E6B-831E-30B962700E9E}"
EndProject
Project("{FAE04EC0-301F-11D3-BF4B-00C04F79EFBC}") = "NOAAWeatherLibrary", "Libraries\Weather\NOAAWeatherLibrary\NOAAWeatherLibrary.csproj", "{F4B0CEF9-F308-4662-B656-D60FC8D0BD06}"
EndProject
Project("{FAE04EC0-301F-11D3-BF4B-00C04F79EFBC}") = "FifteenPuzzleGame.Blazor", "Libraries\Games\FifteenPuzzle\FifteenPuzzleGame.Blazor\FifteenPuzzleGame.Blazor.csproj", "{B33DFF16-EF93-4B9A-A7A9-CFFA04A8B202}"
EndProject
Project("{FAE04EC0-301F-11D3-BF4B-00C04F79EFBC}") = "SideProjectWASMApp", "Applications\SideProjectWASMApp\SideProjectWASMApp.csproj", "{8EA9D8F1-6CAD-425A-9DBD-7EDC5AADE216}"
EndProject
Project("{2150E333-8FDC-42A3-9474-1A3956D46DE8}") = "Applications", "Applications", "{077B96B5-FC68-4C7D-B3CF-13594E4322F2}"
EndProject
Project("{2150E333-8FDC-42A3-9474-1A3956D46DE8}") = "Libraries", "Libraries", "{2AA73E66-AEC5-4AC7-BD93-F620C8D4242E}"
EndProject
Project("{2150E333-8FDC-42A3-9474-1A3956D46DE8}") = "Games", "Games", "{81A10427-D923-49B3-B611-62E13B661AE0}"
EndProject
Project("{2150E333-8FDC-42A3-9474-1A3956D46DE8}") = "Weather", "Weather", "{2EDC7663-2991-41C5-95B6-9301C26E9587}"
EndProject
Project("{2150E333-8FDC-42A3-9474-1A3956D46DE8}") = "FifteenPuzzle", "FifteenPuzzle", "{9E8260AC-EA8A-4A21-B4E0-9E827E5E5A01}"
EndProject
Project("{2150E333-8FDC-42A3-9474-1A3956D46DE8}") = "TicTacToe", "TicTacToe", "{F6CEE0F9-171F-4407-BA15-1F0858DDE4B0}"
EndProject
Project("{FAE04EC0-301F-11D3-BF4B-00C04F79EFBC}") = "Weather.Blazor", "Libraries\Weather\Weather.Blazor\Weather.Blazor.csproj", "{ACADBCDF-4A6B-467E-9D05-84BA6E8776E9}"
EndProject
Project("{FAE04EC0-301F-11D3-BF4B-00C04F79EFBC}") = "TicTacToeGame.Blazor", "Libraries\Games\TicTacToe\TicTacToeGame.Blazor\TicTacToeGame.Blazor.csproj", "{023B7DF8-85C3-41CB-80C7-390E91A2138B}"
EndProject
Project("{2150E333-8FDC-42A3-9474-1A3956D46DE8}") = "Chess", "Chess", "{70611483-22EF-409F-B2E4-DA0498003F25}"
EndProject
Project("{FAE04EC0-301F-11D3-BF4B-00C04F79EFBC}") = "ChessLibrary", "Libraries\Games\Chess\ChessLibrary\ChessLibrary.csproj", "{CD0A8E40-B823-48B0-9140-3873FCCB101A}"
EndProject
Project("{FAE04EC0-301F-11D3-BF4B-00C04F79EFBC}") = "ChessLibrary.Test", "Libraries\Games\Chess\ChessLibrary.Test\ChessLibrary.Test.csproj", "{9558297B-44FB-44EB-9FC0-6A0F7FACB070}"
EndProject
Project("{FAE04EC0-301F-11D3-BF4B-00C04F79EFBC}") = "ChessConsoleApp", "Applications\ChessConsoleApp\ChessConsoleApp.csproj", "{9F1A1E96-B741-4193-BB19-495E457C0D9B}"
EndProject
Project("{FAE04EC0-301F-11D3-BF4B-00C04F79EFBC}") = "ChessLibrary.Blazor", "Libraries\Games\Chess\ChessLibrary.Blazor\ChessLibrary.Blazor.csproj", "{DB5D5068-5A9D-4108-B6BF-AA525E58537A}"
EndProject
Project("{FAE04EC0-301F-11D3-BF4B-00C04F79EFBC}") = "BlazorBasics", "Libraries\BlazorBasics\BlazorBasics.csproj", "{66263BC3-4C25-45D6-8777-685847ADE50D}"
EndProject
Project("{FAE04EC0-301F-11D3-BF4B-00C04F79EFBC}") = "StockfishAPI", "Applications\StockfishAPI\StockfishAPI.csproj", "{FD804614-3D6A-4355-B23D-1A84775504B8}"
EndProject
Global
	GlobalSection(SolutionConfigurationPlatforms) = preSolution
		Debug|Any CPU = Debug|Any CPU
		Debug|x64 = Debug|x64
		Debug|x86 = Debug|x86
		Release|Any CPU = Release|Any CPU
		Release|x64 = Release|x64
		Release|x86 = Release|x86
	EndGlobalSection
	GlobalSection(SolutionProperties) = preSolution
		HideSolutionNode = FALSE
	EndGlobalSection
	GlobalSection(ProjectConfigurationPlatforms) = postSolution
		{C2DBE404-2EBF-4575-8423-A62E44827CC5}.Debug|Any CPU.ActiveCfg = Debug|Any CPU
		{C2DBE404-2EBF-4575-8423-A62E44827CC5}.Debug|Any CPU.Build.0 = Debug|Any CPU
		{C2DBE404-2EBF-4575-8423-A62E44827CC5}.Debug|x64.ActiveCfg = Debug|Any CPU
		{C2DBE404-2EBF-4575-8423-A62E44827CC5}.Debug|x64.Build.0 = Debug|Any CPU
		{C2DBE404-2EBF-4575-8423-A62E44827CC5}.Debug|x86.ActiveCfg = Debug|Any CPU
		{C2DBE404-2EBF-4575-8423-A62E44827CC5}.Debug|x86.Build.0 = Debug|Any CPU
		{C2DBE404-2EBF-4575-8423-A62E44827CC5}.Release|Any CPU.ActiveCfg = Release|Any CPU
		{C2DBE404-2EBF-4575-8423-A62E44827CC5}.Release|Any CPU.Build.0 = Release|Any CPU
		{C2DBE404-2EBF-4575-8423-A62E44827CC5}.Release|x64.ActiveCfg = Release|Any CPU
		{C2DBE404-2EBF-4575-8423-A62E44827CC5}.Release|x64.Build.0 = Release|Any CPU
		{C2DBE404-2EBF-4575-8423-A62E44827CC5}.Release|x86.ActiveCfg = Release|Any CPU
		{C2DBE404-2EBF-4575-8423-A62E44827CC5}.Release|x86.Build.0 = Release|Any CPU
		{632481B4-9B87-425B-B62E-3A8A98FFCAE9}.Debug|Any CPU.ActiveCfg = Debug|Any CPU
		{632481B4-9B87-425B-B62E-3A8A98FFCAE9}.Debug|Any CPU.Build.0 = Debug|Any CPU
		{632481B4-9B87-425B-B62E-3A8A98FFCAE9}.Debug|x64.ActiveCfg = Debug|Any CPU
		{632481B4-9B87-425B-B62E-3A8A98FFCAE9}.Debug|x64.Build.0 = Debug|Any CPU
		{632481B4-9B87-425B-B62E-3A8A98FFCAE9}.Debug|x86.ActiveCfg = Debug|Any CPU
		{632481B4-9B87-425B-B62E-3A8A98FFCAE9}.Debug|x86.Build.0 = Debug|Any CPU
		{632481B4-9B87-425B-B62E-3A8A98FFCAE9}.Release|Any CPU.ActiveCfg = Release|Any CPU
		{632481B4-9B87-425B-B62E-3A8A98FFCAE9}.Release|Any CPU.Build.0 = Release|Any CPU
		{632481B4-9B87-425B-B62E-3A8A98FFCAE9}.Release|x64.ActiveCfg = Release|Any CPU
		{632481B4-9B87-425B-B62E-3A8A98FFCAE9}.Release|x64.Build.0 = Release|Any CPU
		{632481B4-9B87-425B-B62E-3A8A98FFCAE9}.Release|x86.ActiveCfg = Release|Any CPU
		{632481B4-9B87-425B-B62E-3A8A98FFCAE9}.Release|x86.Build.0 = Release|Any CPU
		{F62ADEE2-233C-4288-AC20-FE6522A01983}.Debug|Any CPU.ActiveCfg = Debug|Any CPU
		{F62ADEE2-233C-4288-AC20-FE6522A01983}.Debug|Any CPU.Build.0 = Debug|Any CPU
		{F62ADEE2-233C-4288-AC20-FE6522A01983}.Debug|x64.ActiveCfg = Debug|Any CPU
		{F62ADEE2-233C-4288-AC20-FE6522A01983}.Debug|x64.Build.0 = Debug|Any CPU
		{F62ADEE2-233C-4288-AC20-FE6522A01983}.Debug|x86.ActiveCfg = Debug|Any CPU
		{F62ADEE2-233C-4288-AC20-FE6522A01983}.Debug|x86.Build.0 = Debug|Any CPU
		{F62ADEE2-233C-4288-AC20-FE6522A01983}.Release|Any CPU.ActiveCfg = Release|Any CPU
		{F62ADEE2-233C-4288-AC20-FE6522A01983}.Release|Any CPU.Build.0 = Release|Any CPU
		{F62ADEE2-233C-4288-AC20-FE6522A01983}.Release|x64.ActiveCfg = Release|Any CPU
		{F62ADEE2-233C-4288-AC20-FE6522A01983}.Release|x64.Build.0 = Release|Any CPU
		{F62ADEE2-233C-4288-AC20-FE6522A01983}.Release|x86.ActiveCfg = Release|Any CPU
		{F62ADEE2-233C-4288-AC20-FE6522A01983}.Release|x86.Build.0 = Release|Any CPU
		{06A52D22-AA5A-4569-82EE-4B274C2E99E2}.Debug|Any CPU.ActiveCfg = Debug|Any CPU
		{06A52D22-AA5A-4569-82EE-4B274C2E99E2}.Debug|Any CPU.Build.0 = Debug|Any CPU
		{06A52D22-AA5A-4569-82EE-4B274C2E99E2}.Debug|x64.ActiveCfg = Debug|Any CPU
		{06A52D22-AA5A-4569-82EE-4B274C2E99E2}.Debug|x64.Build.0 = Debug|Any CPU
		{06A52D22-AA5A-4569-82EE-4B274C2E99E2}.Debug|x86.ActiveCfg = Debug|Any CPU
		{06A52D22-AA5A-4569-82EE-4B274C2E99E2}.Debug|x86.Build.0 = Debug|Any CPU
		{06A52D22-AA5A-4569-82EE-4B274C2E99E2}.Release|Any CPU.ActiveCfg = Release|Any CPU
		{06A52D22-AA5A-4569-82EE-4B274C2E99E2}.Release|Any CPU.Build.0 = Release|Any CPU
		{06A52D22-AA5A-4569-82EE-4B274C2E99E2}.Release|x64.ActiveCfg = Release|Any CPU
		{06A52D22-AA5A-4569-82EE-4B274C2E99E2}.Release|x64.Build.0 = Release|Any CPU
		{06A52D22-AA5A-4569-82EE-4B274C2E99E2}.Release|x86.ActiveCfg = Release|Any CPU
		{06A52D22-AA5A-4569-82EE-4B274C2E99E2}.Release|x86.Build.0 = Release|Any CPU
		{0584FFBA-AD34-4E6B-831E-30B962700E9E}.Debug|Any CPU.ActiveCfg = Debug|Any CPU
		{0584FFBA-AD34-4E6B-831E-30B962700E9E}.Debug|Any CPU.Build.0 = Debug|Any CPU
		{0584FFBA-AD34-4E6B-831E-30B962700E9E}.Debug|x64.ActiveCfg = Debug|Any CPU
		{0584FFBA-AD34-4E6B-831E-30B962700E9E}.Debug|x64.Build.0 = Debug|Any CPU
		{0584FFBA-AD34-4E6B-831E-30B962700E9E}.Debug|x86.ActiveCfg = Debug|Any CPU
		{0584FFBA-AD34-4E6B-831E-30B962700E9E}.Debug|x86.Build.0 = Debug|Any CPU
		{0584FFBA-AD34-4E6B-831E-30B962700E9E}.Release|Any CPU.ActiveCfg = Release|Any CPU
		{0584FFBA-AD34-4E6B-831E-30B962700E9E}.Release|Any CPU.Build.0 = Release|Any CPU
		{0584FFBA-AD34-4E6B-831E-30B962700E9E}.Release|x64.ActiveCfg = Release|Any CPU
		{0584FFBA-AD34-4E6B-831E-30B962700E9E}.Release|x64.Build.0 = Release|Any CPU
		{0584FFBA-AD34-4E6B-831E-30B962700E9E}.Release|x86.ActiveCfg = Release|Any CPU
		{0584FFBA-AD34-4E6B-831E-30B962700E9E}.Release|x86.Build.0 = Release|Any CPU
		{F4B0CEF9-F308-4662-B656-D60FC8D0BD06}.Debug|Any CPU.ActiveCfg = Debug|Any CPU
		{F4B0CEF9-F308-4662-B656-D60FC8D0BD06}.Debug|Any CPU.Build.0 = Debug|Any CPU
		{F4B0CEF9-F308-4662-B656-D60FC8D0BD06}.Debug|x64.ActiveCfg = Debug|Any CPU
		{F4B0CEF9-F308-4662-B656-D60FC8D0BD06}.Debug|x64.Build.0 = Debug|Any CPU
		{F4B0CEF9-F308-4662-B656-D60FC8D0BD06}.Debug|x86.ActiveCfg = Debug|Any CPU
		{F4B0CEF9-F308-4662-B656-D60FC8D0BD06}.Debug|x86.Build.0 = Debug|Any CPU
		{F4B0CEF9-F308-4662-B656-D60FC8D0BD06}.Release|Any CPU.ActiveCfg = Release|Any CPU
		{F4B0CEF9-F308-4662-B656-D60FC8D0BD06}.Release|Any CPU.Build.0 = Release|Any CPU
		{F4B0CEF9-F308-4662-B656-D60FC8D0BD06}.Release|x64.ActiveCfg = Release|Any CPU
		{F4B0CEF9-F308-4662-B656-D60FC8D0BD06}.Release|x64.Build.0 = Release|Any CPU
		{F4B0CEF9-F308-4662-B656-D60FC8D0BD06}.Release|x86.ActiveCfg = Release|Any CPU
		{F4B0CEF9-F308-4662-B656-D60FC8D0BD06}.Release|x86.Build.0 = Release|Any CPU
		{B33DFF16-EF93-4B9A-A7A9-CFFA04A8B202}.Debug|Any CPU.ActiveCfg = Debug|Any CPU
		{B33DFF16-EF93-4B9A-A7A9-CFFA04A8B202}.Debug|Any CPU.Build.0 = Debug|Any CPU
		{B33DFF16-EF93-4B9A-A7A9-CFFA04A8B202}.Debug|x64.ActiveCfg = Debug|Any CPU
		{B33DFF16-EF93-4B9A-A7A9-CFFA04A8B202}.Debug|x64.Build.0 = Debug|Any CPU
		{B33DFF16-EF93-4B9A-A7A9-CFFA04A8B202}.Debug|x86.ActiveCfg = Debug|Any CPU
		{B33DFF16-EF93-4B9A-A7A9-CFFA04A8B202}.Debug|x86.Build.0 = Debug|Any CPU
		{B33DFF16-EF93-4B9A-A7A9-CFFA04A8B202}.Release|Any CPU.ActiveCfg = Release|Any CPU
		{B33DFF16-EF93-4B9A-A7A9-CFFA04A8B202}.Release|Any CPU.Build.0 = Release|Any CPU
		{B33DFF16-EF93-4B9A-A7A9-CFFA04A8B202}.Release|x64.ActiveCfg = Release|Any CPU
		{B33DFF16-EF93-4B9A-A7A9-CFFA04A8B202}.Release|x64.Build.0 = Release|Any CPU
		{B33DFF16-EF93-4B9A-A7A9-CFFA04A8B202}.Release|x86.ActiveCfg = Release|Any CPU
		{B33DFF16-EF93-4B9A-A7A9-CFFA04A8B202}.Release|x86.Build.0 = Release|Any CPU
		{8EA9D8F1-6CAD-425A-9DBD-7EDC5AADE216}.Debug|Any CPU.ActiveCfg = Debug|Any CPU
		{8EA9D8F1-6CAD-425A-9DBD-7EDC5AADE216}.Debug|Any CPU.Build.0 = Debug|Any CPU
		{8EA9D8F1-6CAD-425A-9DBD-7EDC5AADE216}.Debug|x64.ActiveCfg = Debug|Any CPU
		{8EA9D8F1-6CAD-425A-9DBD-7EDC5AADE216}.Debug|x64.Build.0 = Debug|Any CPU
		{8EA9D8F1-6CAD-425A-9DBD-7EDC5AADE216}.Debug|x86.ActiveCfg = Debug|Any CPU
		{8EA9D8F1-6CAD-425A-9DBD-7EDC5AADE216}.Debug|x86.Build.0 = Debug|Any CPU
		{8EA9D8F1-6CAD-425A-9DBD-7EDC5AADE216}.Release|Any CPU.ActiveCfg = Release|Any CPU
		{8EA9D8F1-6CAD-425A-9DBD-7EDC5AADE216}.Release|Any CPU.Build.0 = Release|Any CPU
		{8EA9D8F1-6CAD-425A-9DBD-7EDC5AADE216}.Release|x64.ActiveCfg = Release|Any CPU
		{8EA9D8F1-6CAD-425A-9DBD-7EDC5AADE216}.Release|x64.Build.0 = Release|Any CPU
		{8EA9D8F1-6CAD-425A-9DBD-7EDC5AADE216}.Release|x86.ActiveCfg = Release|Any CPU
		{8EA9D8F1-6CAD-425A-9DBD-7EDC5AADE216}.Release|x86.Build.0 = Release|Any CPU
		{ACADBCDF-4A6B-467E-9D05-84BA6E8776E9}.Debug|Any CPU.ActiveCfg = Debug|Any CPU
		{ACADBCDF-4A6B-467E-9D05-84BA6E8776E9}.Debug|Any CPU.Build.0 = Debug|Any CPU
		{ACADBCDF-4A6B-467E-9D05-84BA6E8776E9}.Debug|x64.ActiveCfg = Debug|Any CPU
		{ACADBCDF-4A6B-467E-9D05-84BA6E8776E9}.Debug|x64.Build.0 = Debug|Any CPU
		{ACADBCDF-4A6B-467E-9D05-84BA6E8776E9}.Debug|x86.ActiveCfg = Debug|Any CPU
		{ACADBCDF-4A6B-467E-9D05-84BA6E8776E9}.Debug|x86.Build.0 = Debug|Any CPU
		{ACADBCDF-4A6B-467E-9D05-84BA6E8776E9}.Release|Any CPU.ActiveCfg = Release|Any CPU
		{ACADBCDF-4A6B-467E-9D05-84BA6E8776E9}.Release|Any CPU.Build.0 = Release|Any CPU
		{ACADBCDF-4A6B-467E-9D05-84BA6E8776E9}.Release|x64.ActiveCfg = Release|Any CPU
		{ACADBCDF-4A6B-467E-9D05-84BA6E8776E9}.Release|x64.Build.0 = Release|Any CPU
		{ACADBCDF-4A6B-467E-9D05-84BA6E8776E9}.Release|x86.ActiveCfg = Release|Any CPU
		{ACADBCDF-4A6B-467E-9D05-84BA6E8776E9}.Release|x86.Build.0 = Release|Any CPU
		{023B7DF8-85C3-41CB-80C7-390E91A2138B}.Debug|Any CPU.ActiveCfg = Debug|Any CPU
		{023B7DF8-85C3-41CB-80C7-390E91A2138B}.Debug|Any CPU.Build.0 = Debug|Any CPU
		{023B7DF8-85C3-41CB-80C7-390E91A2138B}.Debug|x64.ActiveCfg = Debug|Any CPU
		{023B7DF8-85C3-41CB-80C7-390E91A2138B}.Debug|x64.Build.0 = Debug|Any CPU
		{023B7DF8-85C3-41CB-80C7-390E91A2138B}.Debug|x86.ActiveCfg = Debug|Any CPU
		{023B7DF8-85C3-41CB-80C7-390E91A2138B}.Debug|x86.Build.0 = Debug|Any CPU
		{023B7DF8-85C3-41CB-80C7-390E91A2138B}.Release|Any CPU.ActiveCfg = Release|Any CPU
		{023B7DF8-85C3-41CB-80C7-390E91A2138B}.Release|Any CPU.Build.0 = Release|Any CPU
		{023B7DF8-85C3-41CB-80C7-390E91A2138B}.Release|x64.ActiveCfg = Release|Any CPU
		{023B7DF8-85C3-41CB-80C7-390E91A2138B}.Release|x64.Build.0 = Release|Any CPU
		{023B7DF8-85C3-41CB-80C7-390E91A2138B}.Release|x86.ActiveCfg = Release|Any CPU
		{023B7DF8-85C3-41CB-80C7-390E91A2138B}.Release|x86.Build.0 = Release|Any CPU
		{CD0A8E40-B823-48B0-9140-3873FCCB101A}.Debug|Any CPU.ActiveCfg = Debug|Any CPU
		{CD0A8E40-B823-48B0-9140-3873FCCB101A}.Debug|Any CPU.Build.0 = Debug|Any CPU
		{CD0A8E40-B823-48B0-9140-3873FCCB101A}.Debug|x64.ActiveCfg = Debug|Any CPU
		{CD0A8E40-B823-48B0-9140-3873FCCB101A}.Debug|x64.Build.0 = Debug|Any CPU
		{CD0A8E40-B823-48B0-9140-3873FCCB101A}.Debug|x86.ActiveCfg = Debug|Any CPU
		{CD0A8E40-B823-48B0-9140-3873FCCB101A}.Debug|x86.Build.0 = Debug|Any CPU
		{CD0A8E40-B823-48B0-9140-3873FCCB101A}.Release|Any CPU.ActiveCfg = Release|Any CPU
		{CD0A8E40-B823-48B0-9140-3873FCCB101A}.Release|Any CPU.Build.0 = Release|Any CPU
		{CD0A8E40-B823-48B0-9140-3873FCCB101A}.Release|x64.ActiveCfg = Release|Any CPU
		{CD0A8E40-B823-48B0-9140-3873FCCB101A}.Release|x64.Build.0 = Release|Any CPU
		{CD0A8E40-B823-48B0-9140-3873FCCB101A}.Release|x86.ActiveCfg = Release|Any CPU
		{CD0A8E40-B823-48B0-9140-3873FCCB101A}.Release|x86.Build.0 = Release|Any CPU
		{9558297B-44FB-44EB-9FC0-6A0F7FACB070}.Debug|Any CPU.ActiveCfg = Debug|Any CPU
		{9558297B-44FB-44EB-9FC0-6A0F7FACB070}.Debug|Any CPU.Build.0 = Debug|Any CPU
		{9558297B-44FB-44EB-9FC0-6A0F7FACB070}.Debug|x64.ActiveCfg = Debug|Any CPU
		{9558297B-44FB-44EB-9FC0-6A0F7FACB070}.Debug|x64.Build.0 = Debug|Any CPU
		{9558297B-44FB-44EB-9FC0-6A0F7FACB070}.Debug|x86.ActiveCfg = Debug|Any CPU
		{9558297B-44FB-44EB-9FC0-6A0F7FACB070}.Debug|x86.Build.0 = Debug|Any CPU
		{9558297B-44FB-44EB-9FC0-6A0F7FACB070}.Release|Any CPU.ActiveCfg = Release|Any CPU
		{9558297B-44FB-44EB-9FC0-6A0F7FACB070}.Release|Any CPU.Build.0 = Release|Any CPU
		{9558297B-44FB-44EB-9FC0-6A0F7FACB070}.Release|x64.ActiveCfg = Release|Any CPU
		{9558297B-44FB-44EB-9FC0-6A0F7FACB070}.Release|x64.Build.0 = Release|Any CPU
		{9558297B-44FB-44EB-9FC0-6A0F7FACB070}.Release|x86.ActiveCfg = Release|Any CPU
		{9558297B-44FB-44EB-9FC0-6A0F7FACB070}.Release|x86.Build.0 = Release|Any CPU
		{9F1A1E96-B741-4193-BB19-495E457C0D9B}.Debug|Any CPU.ActiveCfg = Debug|Any CPU
		{9F1A1E96-B741-4193-BB19-495E457C0D9B}.Debug|Any CPU.Build.0 = Debug|Any CPU
		{9F1A1E96-B741-4193-BB19-495E457C0D9B}.Debug|x64.ActiveCfg = Debug|Any CPU
		{9F1A1E96-B741-4193-BB19-495E457C0D9B}.Debug|x64.Build.0 = Debug|Any CPU
		{9F1A1E96-B741-4193-BB19-495E457C0D9B}.Debug|x86.ActiveCfg = Debug|Any CPU
		{9F1A1E96-B741-4193-BB19-495E457C0D9B}.Debug|x86.Build.0 = Debug|Any CPU
		{9F1A1E96-B741-4193-BB19-495E457C0D9B}.Release|Any CPU.ActiveCfg = Release|Any CPU
		{9F1A1E96-B741-4193-BB19-495E457C0D9B}.Release|Any CPU.Build.0 = Release|Any CPU
		{9F1A1E96-B741-4193-BB19-495E457C0D9B}.Release|x64.ActiveCfg = Release|Any CPU
		{9F1A1E96-B741-4193-BB19-495E457C0D9B}.Release|x64.Build.0 = Release|Any CPU
		{9F1A1E96-B741-4193-BB19-495E457C0D9B}.Release|x86.ActiveCfg = Release|Any CPU
		{9F1A1E96-B741-4193-BB19-495E457C0D9B}.Release|x86.Build.0 = Release|Any CPU
		{DB5D5068-5A9D-4108-B6BF-AA525E58537A}.Debug|Any CPU.ActiveCfg = Debug|Any CPU
		{DB5D5068-5A9D-4108-B6BF-AA525E58537A}.Debug|Any CPU.Build.0 = Debug|Any CPU
		{DB5D5068-5A9D-4108-B6BF-AA525E58537A}.Debug|x64.ActiveCfg = Debug|Any CPU
		{DB5D5068-5A9D-4108-B6BF-AA525E58537A}.Debug|x64.Build.0 = Debug|Any CPU
		{DB5D5068-5A9D-4108-B6BF-AA525E58537A}.Debug|x86.ActiveCfg = Debug|Any CPU
		{DB5D5068-5A9D-4108-B6BF-AA525E58537A}.Debug|x86.Build.0 = Debug|Any CPU
		{DB5D5068-5A9D-4108-B6BF-AA525E58537A}.Release|Any CPU.ActiveCfg = Release|Any CPU
		{DB5D5068-5A9D-4108-B6BF-AA525E58537A}.Release|Any CPU.Build.0 = Release|Any CPU
		{DB5D5068-5A9D-4108-B6BF-AA525E58537A}.Release|x64.ActiveCfg = Release|Any CPU
		{DB5D5068-5A9D-4108-B6BF-AA525E58537A}.Release|x64.Build.0 = Release|Any CPU
		{DB5D5068-5A9D-4108-B6BF-AA525E58537A}.Release|x86.ActiveCfg = Release|Any CPU
		{DB5D5068-5A9D-4108-B6BF-AA525E58537A}.Release|x86.Build.0 = Release|Any CPU
		{66263BC3-4C25-45D6-8777-685847ADE50D}.Debug|Any CPU.ActiveCfg = Debug|Any CPU
		{66263BC3-4C25-45D6-8777-685847ADE50D}.Debug|Any CPU.Build.0 = Debug|Any CPU
		{66263BC3-4C25-45D6-8777-685847ADE50D}.Debug|x64.ActiveCfg = Debug|Any CPU
		{66263BC3-4C25-45D6-8777-685847ADE50D}.Debug|x64.Build.0 = Debug|Any CPU
		{66263BC3-4C25-45D6-8777-685847ADE50D}.Debug|x86.ActiveCfg = Debug|Any CPU
		{66263BC3-4C25-45D6-8777-685847ADE50D}.Debug|x86.Build.0 = Debug|Any CPU
		{66263BC3-4C25-45D6-8777-685847ADE50D}.Release|Any CPU.ActiveCfg = Release|Any CPU
		{66263BC3-4C25-45D6-8777-685847ADE50D}.Release|Any CPU.Build.0 = Release|Any CPU
		{66263BC3-4C25-45D6-8777-685847ADE50D}.Release|x64.ActiveCfg = Release|Any CPU
		{66263BC3-4C25-45D6-8777-685847ADE50D}.Release|x64.Build.0 = Release|Any CPU
		{66263BC3-4C25-45D6-8777-685847ADE50D}.Release|x86.ActiveCfg = Release|Any CPU
		{66263BC3-4C25-45D6-8777-685847ADE50D}.Release|x86.Build.0 = Release|Any CPU
		{FD804614-3D6A-4355-B23D-1A84775504B8}.Debug|Any CPU.ActiveCfg = Debug|Any CPU
		{FD804614-3D6A-4355-B23D-1A84775504B8}.Debug|Any CPU.Build.0 = Debug|Any CPU
		{FD804614-3D6A-4355-B23D-1A84775504B8}.Debug|x64.ActiveCfg = Debug|Any CPU
		{FD804614-3D6A-4355-B23D-1A84775504B8}.Debug|x64.Build.0 = Debug|Any CPU
		{FD804614-3D6A-4355-B23D-1A84775504B8}.Debug|x86.ActiveCfg = Debug|Any CPU
		{FD804614-3D6A-4355-B23D-1A84775504B8}.Debug|x86.Build.0 = Debug|Any CPU
		{FD804614-3D6A-4355-B23D-1A84775504B8}.Release|Any CPU.ActiveCfg = Release|Any CPU
		{FD804614-3D6A-4355-B23D-1A84775504B8}.Release|Any CPU.Build.0 = Release|Any CPU
		{FD804614-3D6A-4355-B23D-1A84775504B8}.Release|x64.ActiveCfg = Release|Any CPU
		{FD804614-3D6A-4355-B23D-1A84775504B8}.Release|x64.Build.0 = Release|Any CPU
		{FD804614-3D6A-4355-B23D-1A84775504B8}.Release|x86.ActiveCfg = Release|Any CPU
		{FD804614-3D6A-4355-B23D-1A84775504B8}.Release|x86.Build.0 = Release|Any CPU
	EndGlobalSection
	GlobalSection(NestedProjects) = preSolution
		{C2DBE404-2EBF-4575-8423-A62E44827CC5} = {077B96B5-FC68-4C7D-B3CF-13594E4322F2}
		{8EA9D8F1-6CAD-425A-9DBD-7EDC5AADE216} = {077B96B5-FC68-4C7D-B3CF-13594E4322F2}
		{81A10427-D923-49B3-B611-62E13B661AE0} = {2AA73E66-AEC5-4AC7-BD93-F620C8D4242E}
		{2EDC7663-2991-41C5-95B6-9301C26E9587} = {2AA73E66-AEC5-4AC7-BD93-F620C8D4242E}
		{F4B0CEF9-F308-4662-B656-D60FC8D0BD06} = {2EDC7663-2991-41C5-95B6-9301C26E9587}
		{9E8260AC-EA8A-4A21-B4E0-9E827E5E5A01} = {81A10427-D923-49B3-B611-62E13B661AE0}
		{632481B4-9B87-425B-B62E-3A8A98FFCAE9} = {9E8260AC-EA8A-4A21-B4E0-9E827E5E5A01}
		{B33DFF16-EF93-4B9A-A7A9-CFFA04A8B202} = {9E8260AC-EA8A-4A21-B4E0-9E827E5E5A01}
		{F62ADEE2-233C-4288-AC20-FE6522A01983} = {9E8260AC-EA8A-4A21-B4E0-9E827E5E5A01}
		{F6CEE0F9-171F-4407-BA15-1F0858DDE4B0} = {81A10427-D923-49B3-B611-62E13B661AE0}
		{06A52D22-AA5A-4569-82EE-4B274C2E99E2} = {F6CEE0F9-171F-4407-BA15-1F0858DDE4B0}
		{0584FFBA-AD34-4E6B-831E-30B962700E9E} = {F6CEE0F9-171F-4407-BA15-1F0858DDE4B0}
		{ACADBCDF-4A6B-467E-9D05-84BA6E8776E9} = {2EDC7663-2991-41C5-95B6-9301C26E9587}
		{023B7DF8-85C3-41CB-80C7-390E91A2138B} = {F6CEE0F9-171F-4407-BA15-1F0858DDE4B0}
		{70611483-22EF-409F-B2E4-DA0498003F25} = {81A10427-D923-49B3-B611-62E13B661AE0}
		{CD0A8E40-B823-48B0-9140-3873FCCB101A} = {70611483-22EF-409F-B2E4-DA0498003F25}
		{9558297B-44FB-44EB-9FC0-6A0F7FACB070} = {70611483-22EF-409F-B2E4-DA0498003F25}
		{9F1A1E96-B741-4193-BB19-495E457C0D9B} = {077B96B5-FC68-4C7D-B3CF-13594E4322F2}
		{DB5D5068-5A9D-4108-B6BF-AA525E58537A} = {70611483-22EF-409F-B2E4-DA0498003F25}
		{66263BC3-4C25-45D6-8777-685847ADE50D} = {2AA73E66-AEC5-4AC7-BD93-F620C8D4242E}
		{FD804614-3D6A-4355-B23D-1A84775504B8} = {077B96B5-FC68-4C7D-B3CF-13594E4322F2}
	EndGlobalSection
EndGlobal
