
Microsoft Visual Studio Solution File, Format Version 12.00
# Visual Studio Version 16
VisualStudioVersion = 16.0.30114.105
MinimumVisualStudioVersion = 10.0.40219.1
Project("{FAE04EC0-301F-11D3-BF4B-00C04F79EFBC}") = "SideProjectBlazorApp", "Applications\SideProjectBlazorApp\SideProjectBlazorApp.csproj", "{C2DBE404-2EBF-4575-8423-A62E44827CC5}"
EndProject
Project("{FAE04EC0-301F-11D3-BF4B-00C04F79EFBC}") = "FifteenPuzzleGame", "Libraries\Games\FifteenPuzzle\FifteenPuzzleGame\FifteenPuzzleGame.csproj", "{632481B4-9B87-425B-B62E-3A8A98FFCAE9}"
EndProject
Project("{FAE04EC0-301F-11D3-BF4B-00C04F79EFBC}") = "FifteenPuzzleGame.Test", "Libraries\Games\FifteenPuzzle\FifteenPuzzleGame.Test\FifteenPuzzleGame.Test.csproj", "{F62ADEE2-233C-4288-AC20-FE6522A01983}"
EndProject
Project("{FAE04EC0-301F-11D3-BF4B-00C04F79EFBC}") = "TicTacToeGame", "Libraries\Games\TicTacToe\TicTacToeGame\TicTacToeGame.csproj", "{06A52D22-AA5A-4569-82EE-4B274C2E99E2}"
EndProject
Project("{FAE04EC0-301F-11D3-BF4B-00C04F79EFBC}") = "TicTacToeGame.Test", "Libraries\Games\TicTacToe\TicTacToeGame.Test\TicTacToeGame.Test.csproj", "{0584FFBA-AD34-4E6B-831E-30B962700E9E}"
EndProject
Project("{FAE04EC0-301F-11D3-BF4B-00C04F79EFBC}") = "NOAAWeatherLibrary", "Libraries\Weather\NOAAWeatherLibrary\NOAAWeatherLibrary.csproj", "{F4B0CEF9-F308-4662-B656-D60FC8D0BD06}"
EndProject
Project("{FAE04EC0-301F-11D3-BF4B-00C04F79EFBC}") = "FifteenPuzzleGame.Blazor", "Libraries\Games\FifteenPuzzle\FifteenPuzzleGame.Blazor\FifteenPuzzleGame.Blazor.csproj", "{B33DFF16-EF93-4B9A-A7A9-CFFA04A8B202}"
EndProject
Project("{FAE04EC0-301F-11D3-BF4B-00C04F79EFBC}") = "SideProjectWASMApp", "Applications\SideProjectWASMApp\SideProjectWASMApp.csproj", "{8EA9D8F1-6CAD-425A-9DBD-7EDC5AADE216}"
EndProject
Project("{2150E333-8FDC-42A3-9474-1A3956D46DE8}") = "Applications", "Applications", "{077B96B5-FC68-4C7D-B3CF-13594E4322F2}"
EndProject
Project("{2150E333-8FDC-42A3-9474-1A3956D46DE8}") = "Libraries", "Libraries", "{2AA73E66-AEC5-4AC7-BD93-F620C8D4242E}"
EndProject
Project("{2150E333-8FDC-42A3-9474-1A3956D46DE8}") = "Games", "Games", "{81A10427-D923-49B3-B611-62E13B661AE0}"
EndProject
Project("{2150E333-8FDC-42A3-9474-1A3956D46DE8}") = "Weather", "Weather", "{2EDC7663-2991-41C5-95B6-9301C26E9587}"
EndProject
Project("{2150E333-8FDC-42A3-9474-1A3956D46DE8}") = "FifteenPuzzle", "FifteenPuzzle", "{9E8260AC-EA8A-4A21-B4E0-9E827E5E5A01}"
EndProject
Project("{2150E333-8FDC-42A3-9474-1A3956D46DE8}") = "TicTacToe", "TicTacToe", "{F6CEE0F9-171F-4407-BA15-1F0858DDE4B0}"
EndProject
Global
	GlobalSection(SolutionConfigurationPlatforms) = preSolution
		Debug|Any CPU = Debug|Any CPU
		Debug|x64 = Debug|x64
		Debug|x86 = Debug|x86
		Release|Any CPU = Release|Any CPU
		Release|x64 = Release|x64
		Release|x86 = Release|x86
	EndGlobalSection
	GlobalSection(SolutionProperties) = preSolution
		HideSolutionNode = FALSE
	EndGlobalSection
	GlobalSection(ProjectConfigurationPlatforms) = postSolution
		{C2DBE404-2EBF-4575-8423-A62E44827CC5}.Debug|Any CPU.ActiveCfg = Debug|Any CPU
		{C2DBE404-2EBF-4575-8423-A62E44827CC5}.Debug|Any CPU.Build.0 = Debug|Any CPU
		{C2DBE404-2EBF-4575-8423-A62E44827CC5}.Debug|x64.ActiveCfg = Debug|Any CPU
		{C2DBE404-2EBF-4575-8423-A62E44827CC5}.Debug|x64.Build.0 = Debug|Any CPU
		{C2DBE404-2EBF-4575-8423-A62E44827CC5}.Debug|x86.ActiveCfg = Debug|Any CPU
		{C2DBE404-2EBF-4575-8423-A62E44827CC5}.Debug|x86.Build.0 = Debug|Any CPU
		{C2DBE404-2EBF-4575-8423-A62E44827CC5}.Release|Any CPU.ActiveCfg = Release|Any CPU
		{C2DBE404-2EBF-4575-8423-A62E44827CC5}.Release|Any CPU.Build.0 = Release|Any CPU
		{C2DBE404-2EBF-4575-8423-A62E44827CC5}.Release|x64.ActiveCfg = Release|Any CPU
		{C2DBE404-2EBF-4575-8423-A62E44827CC5}.Release|x64.Build.0 = Release|Any CPU
		{C2DBE404-2EBF-4575-8423-A62E44827CC5}.Release|x86.ActiveCfg = Release|Any CPU
		{C2DBE404-2EBF-4575-8423-A62E44827CC5}.Release|x86.Build.0 = Release|Any CPU
		{632481B4-9B87-425B-B62E-3A8A98FFCAE9}.Debug|Any CPU.ActiveCfg = Debug|Any CPU
		{632481B4-9B87-425B-B62E-3A8A98FFCAE9}.Debug|Any CPU.Build.0 = Debug|Any CPU
		{632481B4-9B87-425B-B62E-3A8A98FFCAE9}.Debug|x64.ActiveCfg = Debug|Any CPU
		{632481B4-9B87-425B-B62E-3A8A98FFCAE9}.Debug|x64.Build.0 = Debug|Any CPU
		{632481B4-9B87-425B-B62E-3A8A98FFCAE9}.Debug|x86.ActiveCfg = Debug|Any CPU
		{632481B4-9B87-425B-B62E-3A8A98FFCAE9}.Debug|x86.Build.0 = Debug|Any CPU
		{632481B4-9B87-425B-B62E-3A8A98FFCAE9}.Release|Any CPU.ActiveCfg = Release|Any CPU
		{632481B4-9B87-425B-B62E-3A8A98FFCAE9}.Release|Any CPU.Build.0 = Release|Any CPU
		{632481B4-9B87-425B-B62E-3A8A98FFCAE9}.Release|x64.ActiveCfg = Release|Any CPU
		{632481B4-9B87-425B-B62E-3A8A98FFCAE9}.Release|x64.Build.0 = Release|Any CPU
		{632481B4-9B87-425B-B62E-3A8A98FFCAE9}.Release|x86.ActiveCfg = Release|Any CPU
		{632481B4-9B87-425B-B62E-3A8A98FFCAE9}.Release|x86.Build.0 = Release|Any CPU
		{F62ADEE2-233C-4288-AC20-FE6522A01983}.Debug|Any CPU.ActiveCfg = Debug|Any CPU
		{F62ADEE2-233C-4288-AC20-FE6522A01983}.Debug|Any CPU.Build.0 = Debug|Any CPU
		{F62ADEE2-233C-4288-AC20-FE6522A01983}.Debug|x64.ActiveCfg = Debug|Any CPU
		{F62ADEE2-233C-4288-AC20-FE6522A01983}.Debug|x64.Build.0 = Debug|Any CPU
		{F62ADEE2-233C-4288-AC20-FE6522A01983}.Debug|x86.ActiveCfg = Debug|Any CPU
		{F62ADEE2-233C-4288-AC20-FE6522A01983}.Debug|x86.Build.0 = Debug|Any CPU
		{F62ADEE2-233C-4288-AC20-FE6522A01983}.Release|Any CPU.ActiveCfg = Release|Any CPU
		{F62ADEE2-233C-4288-AC20-FE6522A01983}.Release|Any CPU.Build.0 = Release|Any CPU
		{F62ADEE2-233C-4288-AC20-FE6522A01983}.Release|x64.ActiveCfg = Release|Any CPU
		{F62ADEE2-233C-4288-AC20-FE6522A01983}.Release|x64.Build.0 = Release|Any CPU
		{F62ADEE2-233C-4288-AC20-FE6522A01983}.Release|x86.ActiveCfg = Release|Any CPU
		{F62ADEE2-233C-4288-AC20-FE6522A01983}.Release|x86.Build.0 = Release|Any CPU
		{06A52D22-AA5A-4569-82EE-4B274C2E99E2}.Debug|Any CPU.ActiveCfg = Debug|Any CPU
		{06A52D22-AA5A-4569-82EE-4B274C2E99E2}.Debug|Any CPU.Build.0 = Debug|Any CPU
		{06A52D22-AA5A-4569-82EE-4B274C2E99E2}.Debug|x64.ActiveCfg = Debug|Any CPU
		{06A52D22-AA5A-4569-82EE-4B274C2E99E2}.Debug|x64.Build.0 = Debug|Any CPU
		{06A52D22-AA5A-4569-82EE-4B274C2E99E2}.Debug|x86.ActiveCfg = Debug|Any CPU
		{06A52D22-AA5A-4569-82EE-4B274C2E99E2}.Debug|x86.Build.0 = Debug|Any CPU
		{06A52D22-AA5A-4569-82EE-4B274C2E99E2}.Release|Any CPU.ActiveCfg = Release|Any CPU
		{06A52D22-AA5A-4569-82EE-4B274C2E99E2}.Release|Any CPU.Build.0 = Release|Any CPU
		{06A52D22-AA5A-4569-82EE-4B274C2E99E2}.Release|x64.ActiveCfg = Release|Any CPU
		{06A52D22-AA5A-4569-82EE-4B274C2E99E2}.Release|x64.Build.0 = Release|Any CPU
		{06A52D22-AA5A-4569-82EE-4B274C2E99E2}.Release|x86.ActiveCfg = Release|Any CPU
		{06A52D22-AA5A-4569-82EE-4B274C2E99E2}.Release|x86.Build.0 = Release|Any CPU
		{0584FFBA-AD34-4E6B-831E-30B962700E9E}.Debug|Any CPU.ActiveCfg = Debug|Any CPU
		{0584FFBA-AD34-4E6B-831E-30B962700E9E}.Debug|Any CPU.Build.0 = Debug|Any CPU
		{0584FFBA-AD34-4E6B-831E-30B962700E9E}.Debug|x64.ActiveCfg = Debug|Any CPU
		{0584FFBA-AD34-4E6B-831E-30B962700E9E}.Debug|x64.Build.0 = Debug|Any CPU
		{0584FFBA-AD34-4E6B-831E-30B962700E9E}.Debug|x86.ActiveCfg = Debug|Any CPU
		{0584FFBA-AD34-4E6B-831E-30B962700E9E}.Debug|x86.Build.0 = Debug|Any CPU
		{0584FFBA-AD34-4E6B-831E-30B962700E9E}.Release|Any CPU.ActiveCfg = Release|Any CPU
		{0584FFBA-AD34-4E6B-831E-30B962700E9E}.Release|Any CPU.Build.0 = Release|Any CPU
		{0584FFBA-AD34-4E6B-831E-30B962700E9E}.Release|x64.ActiveCfg = Release|Any CPU
		{0584FFBA-AD34-4E6B-831E-30B962700E9E}.Release|x64.Build.0 = Release|Any CPU
		{0584FFBA-AD34-4E6B-831E-30B962700E9E}.Release|x86.ActiveCfg = Release|Any CPU
		{0584FFBA-AD34-4E6B-831E-30B962700E9E}.Release|x86.Build.0 = Release|Any CPU
		{F4B0CEF9-F308-4662-B656-D60FC8D0BD06}.Debug|Any CPU.ActiveCfg = Debug|Any CPU
		{F4B0CEF9-F308-4662-B656-D60FC8D0BD06}.Debug|Any CPU.Build.0 = Debug|Any CPU
		{F4B0CEF9-F308-4662-B656-D60FC8D0BD06}.Debug|x64.ActiveCfg = Debug|Any CPU
		{F4B0CEF9-F308-4662-B656-D60FC8D0BD06}.Debug|x64.Build.0 = Debug|Any CPU
		{F4B0CEF9-F308-4662-B656-D60FC8D0BD06}.Debug|x86.ActiveCfg = Debug|Any CPU
		{F4B0CEF9-F308-4662-B656-D60FC8D0BD06}.Debug|x86.Build.0 = Debug|Any CPU
		{F4B0CEF9-F308-4662-B656-D60FC8D0BD06}.Release|Any CPU.ActiveCfg = Release|Any CPU
		{F4B0CEF9-F308-4662-B656-D60FC8D0BD06}.Release|Any CPU.Build.0 = Release|Any CPU
		{F4B0CEF9-F308-4662-B656-D60FC8D0BD06}.Release|x64.ActiveCfg = Release|Any CPU
		{F4B0CEF9-F308-4662-B656-D60FC8D0BD06}.Release|x64.Build.0 = Release|Any CPU
		{F4B0CEF9-F308-4662-B656-D60FC8D0BD06}.Release|x86.ActiveCfg = Release|Any CPU
		{F4B0CEF9-F308-4662-B656-D60FC8D0BD06}.Release|x86.Build.0 = Release|Any CPU
		{B33DFF16-EF93-4B9A-A7A9-CFFA04A8B202}.Debug|Any CPU.ActiveCfg = Debug|Any CPU
		{B33DFF16-EF93-4B9A-A7A9-CFFA04A8B202}.Debug|Any CPU.Build.0 = Debug|Any CPU
		{B33DFF16-EF93-4B9A-A7A9-CFFA04A8B202}.Debug|x64.ActiveCfg = Debug|Any CPU
		{B33DFF16-EF93-4B9A-A7A9-CFFA04A8B202}.Debug|x64.Build.0 = Debug|Any CPU
		{B33DFF16-EF93-4B9A-A7A9-CFFA04A8B202}.Debug|x86.ActiveCfg = Debug|Any CPU
		{B33DFF16-EF93-4B9A-A7A9-CFFA04A8B202}.Debug|x86.Build.0 = Debug|Any CPU
		{B33DFF16-EF93-4B9A-A7A9-CFFA04A8B202}.Release|Any CPU.ActiveCfg = Release|Any CPU
		{B33DFF16-EF93-4B9A-A7A9-CFFA04A8B202}.Release|Any CPU.Build.0 = Release|Any CPU
		{B33DFF16-EF93-4B9A-A7A9-CFFA04A8B202}.Release|x64.ActiveCfg = Release|Any CPU
		{B33DFF16-EF93-4B9A-A7A9-CFFA04A8B202}.Release|x64.Build.0 = Release|Any CPU
		{B33DFF16-EF93-4B9A-A7A9-CFFA04A8B202}.Release|x86.ActiveCfg = Release|Any CPU
		{B33DFF16-EF93-4B9A-A7A9-CFFA04A8B202}.Release|x86.Build.0 = Release|Any CPU
		{8EA9D8F1-6CAD-425A-9DBD-7EDC5AADE216}.Debug|Any CPU.ActiveCfg = Debug|Any CPU
		{8EA9D8F1-6CAD-425A-9DBD-7EDC5AADE216}.Debug|Any CPU.Build.0 = Debug|Any CPU
		{8EA9D8F1-6CAD-425A-9DBD-7EDC5AADE216}.Debug|x64.ActiveCfg = Debug|Any CPU
		{8EA9D8F1-6CAD-425A-9DBD-7EDC5AADE216}.Debug|x64.Build.0 = Debug|Any CPU
		{8EA9D8F1-6CAD-425A-9DBD-7EDC5AADE216}.Debug|x86.ActiveCfg = Debug|Any CPU
		{8EA9D8F1-6CAD-425A-9DBD-7EDC5AADE216}.Debug|x86.Build.0 = Debug|Any CPU
		{8EA9D8F1-6CAD-425A-9DBD-7EDC5AADE216}.Release|Any CPU.ActiveCfg = Release|Any CPU
		{8EA9D8F1-6CAD-425A-9DBD-7EDC5AADE216}.Release|Any CPU.Build.0 = Release|Any CPU
		{8EA9D8F1-6CAD-425A-9DBD-7EDC5AADE216}.Release|x64.ActiveCfg = Release|Any CPU
		{8EA9D8F1-6CAD-425A-9DBD-7EDC5AADE216}.Release|x64.Build.0 = Release|Any CPU
		{8EA9D8F1-6CAD-425A-9DBD-7EDC5AADE216}.Release|x86.ActiveCfg = Release|Any CPU
		{8EA9D8F1-6CAD-425A-9DBD-7EDC5AADE216}.Release|x86.Build.0 = Release|Any CPU
	EndGlobalSection
	GlobalSection(NestedProjects) = preSolution
		{C2DBE404-2EBF-4575-8423-A62E44827CC5} = {077B96B5-FC68-4C7D-B3CF-13594E4322F2}
		{8EA9D8F1-6CAD-425A-9DBD-7EDC5AADE216} = {077B96B5-FC68-4C7D-B3CF-13594E4322F2}
		{81A10427-D923-49B3-B611-62E13B661AE0} = {2AA73E66-AEC5-4AC7-BD93-F620C8D4242E}
		{2EDC7663-2991-41C5-95B6-9301C26E9587} = {2AA73E66-AEC5-4AC7-BD93-F620C8D4242E}
		{F4B0CEF9-F308-4662-B656-D60FC8D0BD06} = {2EDC7663-2991-41C5-95B6-9301C26E9587}
		{9E8260AC-EA8A-4A21-B4E0-9E827E5E5A01} = {81A10427-D923-49B3-B611-62E13B661AE0}
		{632481B4-9B87-425B-B62E-3A8A98FFCAE9} = {9E8260AC-EA8A-4A21-B4E0-9E827E5E5A01}
		{B33DFF16-EF93-4B9A-A7A9-CFFA04A8B202} = {9E8260AC-EA8A-4A21-B4E0-9E827E5E5A01}
		{F62ADEE2-233C-4288-AC20-FE6522A01983} = {9E8260AC-EA8A-4A21-B4E0-9E827E5E5A01}
		{F6CEE0F9-171F-4407-BA15-1F0858DDE4B0} = {81A10427-D923-49B3-B611-62E13B661AE0}
		{06A52D22-AA5A-4569-82EE-4B274C2E99E2} = {F6CEE0F9-171F-4407-BA15-1F0858DDE4B0}
		{0584FFBA-AD34-4E6B-831E-30B962700E9E} = {F6CEE0F9-171F-4407-BA15-1F0858DDE4B0}
	EndGlobalSection
EndGlobal
